// !$*UTF8*$!
{
	archiveVersion = 1;
	classes = {
	};
	objectVersion = 77;
	objects = {

/* Begin PBXContainerItemProxy section */
		C664AC2B2E88FEA2008A0500 /* PBXContainerItemProxy */ = {
			isa = PBXContainerItemProxy;
			containerPortal = C664AC0C2E88FEA0008A0500 /* Project object */;
			proxyType = 1;
			remoteGlobalIDString = C664AC132E88FEA0008A0500;
			remoteInfo = WellFit;
		};
		C664AC352E88FEA2008A0500 /* PBXContainerItemProxy */ = {
			isa = PBXContainerItemProxy;
			containerPortal = C664AC0C2E88FEA0008A0500 /* Project object */;
			proxyType = 1;
			remoteGlobalIDString = C664AC132E88FEA0008A0500;
			remoteInfo = WellFit;
		};
/* End PBXContainerItemProxy section */

/* Begin PBXFileReference section */
		C664AC142E88FEA0008A0500 /* WellFit.app */ = {isa = PBXFileReference; explicitFileType = wrapper.application; includeInIndex = 0; path = WellFit.app; sourceTree = BUILT_PRODUCTS_DIR; };
		C664AC2A2E88FEA2008A0500 /* WellFitTests.xctest */ = {isa = PBXFileReference; explicitFileType = wrapper.cfbundle; includeInIndex = 0; path = WellFitTests.xctest; sourceTree = BUILT_PRODUCTS_DIR; };
		C664AC342E88FEA2008A0500 /* WellFitUITests.xctest */ = {isa = PBXFileReference; explicitFileType = wrapper.cfbundle; includeInIndex = 0; path = WellFitUITests.xctest; sourceTree = BUILT_PRODUCTS_DIR; };
/* End PBXFileReference section */

/* Begin PBXFileSystemSynchronizedBuildFileExceptionSet section */
		C664AC3C2E88FEA2008A0500 /* Exceptions for "WellFit" folder in "WellFit" target */ = {
			isa = PBXFileSystemSynchronizedBuildFileExceptionSet;
			membershipExceptions = (
				Info.plist,
			);
			target = C664AC132E88FEA0008A0500 /* WellFit */;
		};
/* End PBXFileSystemSynchronizedBuildFileExceptionSet section */

/* Begin PBXFileSystemSynchronizedRootGroup section */
		C664AC162E88FEA0008A0500 /* WellFit */ = {
			isa = PBXFileSystemSynchronizedRootGroup;
			exceptions = (
				C664AC3C2E88FEA2008A0500 /* Exceptions for "WellFit" folder in "WellFit" target */,
			);
			path = WellFit;
			sourceTree = "<group>";
		};
		C664AC2D2E88FEA2008A0500 /* WellFitTests */ = {
			isa = PBXFileSystemSynchronizedRootGroup;
			path = WellFitTests;
			sourceTree = "<group>";
		};
		C664AC372E88FEA2008A0500 /* WellFitUITests */ = {
			isa = PBXFileSystemSynchronizedRootGroup;
			path = WellFitUITests;
			sourceTree = "<group>";
		};
/* End PBXFileSystemSynchronizedRootGroup section */

/* Begin PBXFrameworksBuildPhase section */
		C664AC112E88FEA0008A0500 /* Frameworks */ = {
			isa = PBXFrameworksBuildPhase;
			buildActionMask = 2147483647;
			files = (
			);
			runOnlyForDeploymentPostprocessing = 0;
		};
		C664AC272E88FEA2008A0500 /* Frameworks */ = {
			isa = PBXFrameworksBuildPhase;
			buildActionMask = 2147483647;
			files = (
			);
			runOnlyForDeploymentPostprocessing = 0;
		};
		C664AC312E88FEA2008A0500 /* Frameworks */ = {
			isa = PBXFrameworksBuildPhase;
			buildActionMask = 2147483647;
			files = (
			);
			runOnlyForDeploymentPostprocessing = 0;
		};
/* End PBXFrameworksBuildPhase section */

/* Begin PBXGroup section */
		C664AC0B2E88FEA0008A0500 = {
			isa = PBXGroup;
			children = (
				C664AC162E88FEA0008A0500 /* WellFit */,
				C664AC2D2E88FEA2008A0500 /* WellFitTests */,
				C664AC372E88FEA2008A0500 /* WellFitUITests */,
				C664AC152E88FEA0008A0500 /* Products */,
			);
			sourceTree = "<group>";
		};
		C664AC152E88FEA0008A0500 /* Products */ = {
			isa = PBXGroup;
			children = (
				C664AC142E88FEA0008A0500 /* WellFit.app */,
				C664AC2A2E88FEA2008A0500 /* WellFitTests.xctest */,
				C664AC342E88FEA2008A0500 /* WellFitUITests.xctest */,
			);
			name = Products;
			sourceTree = "<group>";
		};
/* End PBXGroup section */

/* Begin PBXNativeTarget section */
		C664AC132E88FEA0008A0500 /* WellFit */ = {
			isa = PBXNativeTarget;
			buildConfigurationList = C664AC3D2E88FEA2008A0500 /* Build configuration list for PBXNativeTarget "WellFit" */;
			buildPhases = (
				C664AC102E88FEA0008A0500 /* Sources */,
				C664AC112E88FEA0008A0500 /* Frameworks */,
				C664AC122E88FEA0008A0500 /* Resources */,
			);
			buildRules = (
			);
			dependencies = (
			);
			fileSystemSynchronizedGroups = (
				C664AC162E88FEA0008A0500 /* WellFit */,
			);
			name = WellFit;
			packageProductDependencies = (
			);
			productName = WellFit;
			productReference = C664AC142E88FEA0008A0500 /* WellFit.app */;
			productType = "com.apple.product-type.application";
		};
		C664AC292E88FEA2008A0500 /* WellFitTests */ = {
			isa = PBXNativeTarget;
			buildConfigurationList = C664AC422E88FEA2008A0500 /* Build configuration list for PBXNativeTarget "WellFitTests" */;
			buildPhases = (
				C664AC262E88FEA2008A0500 /* Sources */,
				C664AC272E88FEA2008A0500 /* Frameworks */,
				C664AC282E88FEA2008A0500 /* Resources */,
			);
			buildRules = (
			);
			dependencies = (
				C664AC2C2E88FEA2008A0500 /* PBXTargetDependency */,
			);
			fileSystemSynchronizedGroups = (
				C664AC2D2E88FEA2008A0500 /* WellFitTests */,
			);
			name = WellFitTests;
			packageProductDependencies = (
			);
			productName = WellFitTests;
			productReference = C664AC2A2E88FEA2008A0500 /* WellFitTests.xctest */;
			productType = "com.apple.product-type.bundle.unit-test";
		};
		C664AC332E88FEA2008A0500 /* WellFitUITests */ = {
			isa = PBXNativeTarget;
			buildConfigurationList = C664AC452E88FEA2008A0500 /* Build configuration list for PBXNativeTarget "WellFitUITests" */;
			buildPhases = (
				C664AC302E88FEA2008A0500 /* Sources */,
				C664AC312E88FEA2008A0500 /* Frameworks */,
				C664AC322E88FEA2008A0500 /* Resources */,
			);
			buildRules = (
			);
			dependencies = (
				C664AC362E88FEA2008A0500 /* PBXTargetDependency */,
			);
			fileSystemSynchronizedGroups = (
				C664AC372E88FEA2008A0500 /* WellFitUITests */,
			);
			name = WellFitUITests;
			packageProductDependencies = (
			);
			productName = WellFitUITests;
			productReference = C664AC342E88FEA2008A0500 /* WellFitUITests.xctest */;
			productType = "com.apple.product-type.bundle.ui-testing";
		};
/* End PBXNativeTarget section */

/* Begin PBXProject section */
		C664AC0C2E88FEA0008A0500 /* Project object */ = {
			isa = PBXProject;
			attributes = {
				BuildIndependentTargetsInParallel = 1;
				LastSwiftUpdateCheck = 1640;
				LastUpgradeCheck = 1640;
				TargetAttributes = {
					C664AC132E88FEA0008A0500 = {
						CreatedOnToolsVersion = 16.4;
					};
					C664AC292E88FEA2008A0500 = {
						CreatedOnToolsVersion = 16.4;
						TestTargetID = C664AC132E88FEA0008A0500;
					};
					C664AC332E88FEA2008A0500 = {
						CreatedOnToolsVersion = 16.4;
						TestTargetID = C664AC132E88FEA0008A0500;
					};
				};
			};
			buildConfigurationList = C664AC0F2E88FEA0008A0500 /* Build configuration list for PBXProject "WellFit" */;
			developmentRegion = en;
			hasScannedForEncodings = 0;
			knownRegions = (
				en,
				Base,
			);
			mainGroup = C664AC0B2E88FEA0008A0500;
			minimizedProjectReferenceProxies = 1;
			preferredProjectObjectVersion = 77;
			productRefGroup = C664AC152E88FEA0008A0500 /* Products */;
			projectDirPath = "";
			projectRoot = "";
			targets = (
				C664AC132E88FEA0008A0500 /* WellFit */,
				C664AC292E88FEA2008A0500 /* WellFitTests */,
				C664AC332E88FEA2008A0500 /* WellFitUITests */,
			);
		};
/* End PBXProject section */

/* Begin PBXResourcesBuildPhase section */
		C664AC122E88FEA0008A0500 /* Resources */ = {
			isa = PBXResourcesBuildPhase;
			buildActionMask = 2147483647;
			files = (
			);
			runOnlyForDeploymentPostprocessing = 0;
		};
		C664AC282E88FEA2008A0500 /* Resources */ = {
			isa = PBXResourcesBuildPhase;
			buildActionMask = 2147483647;
			files = (
			);
			runOnlyForDeploymentPostprocessing = 0;
		};
		C664AC322E88FEA2008A0500 /* Resources */ = {
			isa = PBXResourcesBuildPhase;
			buildActionMask = 2147483647;
			files = (
			);
			runOnlyForDeploymentPostprocessing = 0;
		};
/* End PBXResourcesBuildPhase section */

/* Begin PBXSourcesBuildPhase section */
		C664AC102E88FEA0008A0500 /* Sources */ = {
			isa = PBXSourcesBuildPhase;
			buildActionMask = 2147483647;
			files = (
			);
			runOnlyForDeploymentPostprocessing = 0;
		};
		C664AC262E88FEA2008A0500 /* Sources */ = {
			isa = PBXSourcesBuildPhase;
			buildActionMask = 2147483647;
			files = (
			);
			runOnlyForDeploymentPostprocessing = 0;
		};
		C664AC302E88FEA2008A0500 /* Sources */ = {
			isa = PBXSourcesBuildPhase;
			buildActionMask = 2147483647;
			files = (
			);
			runOnlyForDeploymentPostprocessing = 0;
		};
/* End PBXSourcesBuildPhase section */

/* Begin PBXTargetDependency section */
		C664AC2C2E88FEA2008A0500 /* PBXTargetDependency */ = {
			isa = PBXTargetDependency;
			target = C664AC132E88FEA0008A0500 /* WellFit */;
			targetProxy = C664AC2B2E88FEA2008A0500 /* PBXContainerItemProxy */;
		};
		C664AC362E88FEA2008A0500 /* PBXTargetDependency */ = {
			isa = PBXTargetDependency;
			target = C664AC132E88FEA0008A0500 /* WellFit */;
			targetProxy = C664AC352E88FEA2008A0500 /* PBXContainerItemProxy */;
		};
/* End PBXTargetDependency section */

/* Begin XCBuildConfiguration section */
		C664AC3E2E88FEA2008A0500 /* Debug */ = {
			isa = XCBuildConfiguration;
			buildSettings = {
				ASSETCATALOG_COMPILER_APPICON_NAME = AppIcon;
				ASSETCATALOG_COMPILER_GLOBAL_ACCENT_COLOR_NAME = AccentColor;
				CODE_SIGN_STYLE = Automatic;
				CURRENT_PROJECT_VERSION = 1;
				GENERATE_INFOPLIST_FILE = YES;
				INFOPLIST_FILE = WellFit/Info.plist;
				INFOPLIST_KEY_UIApplicationSupportsIndirectInputEvents = YES;
				INFOPLIST_KEY_UILaunchStoryboardName = LaunchScreen;
				INFOPLIST_KEY_UIMainStoryboardFile = Main;
				INFOPLIST_KEY_UISupportedInterfaceOrientations_iPad = "UIInterfaceOrientationPortrait UIInterfaceOrientationPortraitUpsideDown UIInterfaceOrientationLandscapeLeft UIInterfaceOrientationLandscapeRight";
				INFOPLIST_KEY_UISupportedInterfaceOrientations_iPhone = "UIInterfaceOrientationPortrait UIInterfaceOrientationLandscapeLeft UIInterfaceOrientationLandscapeRight";
				LD_RUNPATH_SEARCH_PATHS = (
					"$(inherited)",
					"@executable_path/Frameworks",
				);
				MARKETING_VERSION = 1.0;
				PRODUCT_BUNDLE_IDENTIFIER = com.atangf.WellFit;
				PRODUCT_NAME = "$(TARGET_NAME)";
				SWIFT_EMIT_LOC_STRINGS = YES;
				SWIFT_VERSION = 5.0;
				TARGETED_DEVICE_FAMILY = "1,2";
			};
			name = Debug;
		};
		C664AC3F2E88FEA2008A0500 /* Release */ = {
			isa = XCBuildConfiguration;
			buildSettings = {
				ASSETCATALOG_COMPILER_APPICON_NAME = AppIcon;
				ASSETCATALOG_COMPILER_GLOBAL_ACCENT_COLOR_NAME = AccentColor;
				CODE_SIGN_STYLE = Automatic;
				CURRENT_PROJECT_VERSION = 1;
				GENERATE_INFOPLIST_FILE = YES;
				INFOPLIST_FILE = WellFit/Info.plist;
				INFOPLIST_KEY_UIApplicationSupportsIndirectInputEvents = YES;
				INFOPLIST_KEY_UILaunchStoryboardName = LaunchScreen;
				INFOPLIST_KEY_UIMainStoryboardFile = Main;
				INFOPLIST_KEY_UISupportedInterfaceOrientations_iPad = "UIInterfaceOrientationPortrait UIInterfaceOrientationPortraitUpsideDown UIInterfaceOrientationLandscapeLeft UIInterfaceOrientationLandscapeRight";
				INFOPLIST_KEY_UISupportedInterfaceOrientations_iPhone = "UIInterfaceOrientationPortrait UIInterfaceOrientationLandscapeLeft UIInterfaceOrientationLandscapeRight";
				LD_RUNPATH_SEARCH_PATHS = (
					"$(inherited)",
					"@executable_path/Frameworks",
				);
				MARKETING_VERSION = 1.0;
				PRODUCT_BUNDLE_IDENTIFIER = com.atangf.WellFit;
				PRODUCT_NAME = "$(TARGET_NAME)";
				SWIFT_EMIT_LOC_STRINGS = YES;
				SWIFT_VERSION = 5.0;
				TARGETED_DEVICE_FAMILY = "1,2";
			};
			name = Release;
		};
		C664AC402E88FEA2008A0500 /* Debug */ = {
			isa = XCBuildConfiguration;
			buildSettings = {
				ALWAYS_SEARCH_USER_PATHS = NO;
				ASSETCATALOG_COMPILER_GENERATE_SWIFT_ASSET_SYMBOL_EXTENSIONS = YES;
				CLANG_ANALYZER_NONNULL = YES;
				CLANG_ANALYZER_NUMBER_OBJECT_CONVERSION = YES_AGGRESSIVE;
				CLANG_CXX_LANGUAGE_STANDARD = "gnu++20";
				CLANG_ENABLE_MODULES = YES;
				CLANG_ENABLE_OBJC_ARC = YES;
				CLANG_ENABLE_OBJC_WEAK = YES;
				CLANG_WARN_BLOCK_CAPTURE_AUTORELEASING = YES;
				CLANG_WARN_BOOL_CONVERSION = YES;
				CLANG_WARN_COMMA = YES;
				CLANG_WARN_CONSTANT_CONVERSION = YES;
				CLANG_WARN_DEPRECATED_OBJC_IMPLEMENTATIONS = YES;
				CLANG_WARN_DIRECT_OBJC_ISA_USAGE = YES_ERROR;
				CLANG_WARN_DOCUMENTATION_COMMENTS = YES;
				CLANG_WARN_EMPTY_BODY = YES;
				CLANG_WARN_ENUM_CONVERSION = YES;
				CLANG_WARN_INFINITE_RECURSION = YES;
				CLANG_WARN_INT_CONVERSION = YES;
				CLANG_WARN_NON_LITERAL_NULL_CONVERSION = YES;
				CLANG_WARN_OBJC_IMPLICIT_RETAIN_SELF = YES;
				CLANG_WARN_OBJC_LITERAL_CONVERSION = YES;
				CLANG_WARN_OBJC_ROOT_CLASS = YES_ERROR;
				CLANG_WARN_QUOTED_INCLUDE_IN_FRAMEWORK_HEADER = YES;
				CLANG_WARN_RANGE_LOOP_ANALYSIS = YES;
				CLANG_WARN_STRICT_PROTOTYPES = YES;
				CLANG_WARN_SUSPICIOUS_MOVE = YES;
				CLANG_WARN_UNGUARDED_AVAILABILITY = YES_AGGRESSIVE;
				CLANG_WARN_UNREACHABLE_CODE = YES;
				CLANG_WARN__DUPLICATE_METHOD_MATCH = YES;
				COPY_PHASE_STRIP = NO;
				DEBUG_INFORMATION_FORMAT = dwarf;
				ENABLE_STRICT_OBJC_MSGSEND = YES;
				ENABLE_TESTABILITY = YES;
				ENABLE_USER_SCRIPT_SANDBOXING = YES;
				GCC_C_LANGUAGE_STANDARD = gnu17;
				GCC_DYNAMIC_NO_PIC = NO;
				GCC_NO_COMMON_BLOCKS = YES;
				GCC_OPTIMIZATION_LEVEL = 0;
				GCC_PREPROCESSOR_DEFINITIONS = (
					"DEBUG=1",
					"$(inherited)",
				);
				GCC_WARN_64_TO_32_BIT_CONVERSION = YES;
				GCC_WARN_ABOUT_RETURN_TYPE = YES_ERROR;
				GCC_WARN_UNDECLARED_SELECTOR = YES;
				GCC_WARN_UNINITIALIZED_AUTOS = YES_AGGRESSIVE;
				GCC_WARN_UNUSED_FUNCTION = YES;
				GCC_WARN_UNUSED_VARIABLE = YES;
				IPHONEOS_DEPLOYMENT_TARGET = 18.5;
				LOCALIZATION_PREFERS_STRING_CATALOGS = YES;
				MTL_ENABLE_DEBUG_INFO = INCLUDE_SOURCE;
				MTL_FAST_MATH = YES;
				ONLY_ACTIVE_ARCH = YES;
				SDKROOT = iphoneos;
				SWIFT_ACTIVE_COMPILATION_CONDITIONS = "DEBUG $(inherited)";
				SWIFT_OPTIMIZATION_LEVEL = "-Onone";
			};
			name = Debug;
		};
		C664AC412E88FEA2008A0500 /* Release */ = {
			isa = XCBuildConfiguration;
			buildSettings = {
				ALWAYS_SEARCH_USER_PATHS = NO;
				ASSETCATALOG_COMPILER_GENERATE_SWIFT_ASSET_SYMBOL_EXTENSIONS = YES;
				CLANG_ANALYZER_NONNULL = YES;
				CLANG_ANALYZER_NUMBER_OBJECT_CONVERSION = YES_AGGRESSIVE;
				CLANG_CXX_LANGUAGE_STANDARD = "gnu++20";
				CLANG_ENABLE_MODULES = YES;
				CLANG_ENABLE_OBJC_ARC = YES;
				CLANG_ENABLE_OBJC_WEAK = YES;
				CLANG_WARN_BLOCK_CAPTURE_AUTORELEASING = YES;
				CLANG_WARN_BOOL_CONVERSION = YES;
				CLANG_WARN_COMMA = YES;
				CLANG_WARN_CONSTANT_CONVERSION = YES;
				CLANG_WARN_DEPRECATED_OBJC_IMPLEMENTATIONS = YES;
				CLANG_WARN_DIRECT_OBJC_ISA_USAGE = YES_ERROR;
				CLANG_WARN_DOCUMENTATION_COMMENTS = YES;
				CLANG_WARN_EMPTY_BODY = YES;
				CLANG_WARN_ENUM_CONVERSION = YES;
				CLANG_WARN_INFINITE_RECURSION = YES;
				CLANG_WARN_INT_CONVERSION = YES;
				CLANG_WARN_NON_LITERAL_NULL_CONVERSION = YES;
				CLANG_WARN_OBJC_IMPLICIT_RETAIN_SELF = YES;
				CLANG_WARN_OBJC_LITERAL_CONVERSION = YES;
				CLANG_WARN_OBJC_ROOT_CLASS = YES_ERROR;
				CLANG_WARN_QUOTED_INCLUDE_IN_FRAMEWORK_HEADER = YES;
				CLANG_WARN_RANGE_LOOP_ANALYSIS = YES;
				CLANG_WARN_STRICT_PROTOTYPES = YES;
				CLANG_WARN_SUSPICIOUS_MOVE = YES;
				CLANG_WARN_UNGUARDED_AVAILABILITY = YES_AGGRESSIVE;
				CLANG_WARN_UNREACHABLE_CODE = YES;
				CLANG_WARN__DUPLICATE_METHOD_MATCH = YES;
				COPY_PHASE_STRIP = NO;
				DEBUG_INFORMATION_FORMAT = "dwarf-with-dsym";
				ENABLE_NS_ASSERTIONS = NO;
				ENABLE_STRICT_OBJC_MSGSEND = YES;
				ENABLE_USER_SCRIPT_SANDBOXING = YES;
				GCC_C_LANGUAGE_STANDARD = gnu17;
				GCC_NO_COMMON_BLOCKS = YES;
				GCC_WARN_64_TO_32_BIT_CONVERSION = YES;
				GCC_WARN_ABOUT_RETURN_TYPE = YES_ERROR;
				GCC_WARN_UNDECLARED_SELECTOR = YES;
				GCC_WARN_UNINITIALIZED_AUTOS = YES_AGGRESSIVE;
				GCC_WARN_UNUSED_FUNCTION = YES;
				GCC_WARN_UNUSED_VARIABLE = YES;
				IPHONEOS_DEPLOYMENT_TARGET = 18.5;
				LOCALIZATION_PREFERS_STRING_CATALOGS = YES;
				MTL_ENABLE_DEBUG_INFO = NO;
				MTL_FAST_MATH = YES;
				SDKROOT = iphoneos;
				SWIFT_COMPILATION_MODE = wholemodule;
				VALIDATE_PRODUCT = YES;
			};
			name = Release;
		};
		C664AC432E88FEA2008A0500 /* Debug */ = {
			isa = XCBuildConfiguration;
			buildSettings = {
				BUNDLE_LOADER = "$(TEST_HOST)";
				CODE_SIGN_STYLE = Automatic;
				CURRENT_PROJECT_VERSION = 1;
				GENERATE_INFOPLIST_FILE = YES;
				IPHONEOS_DEPLOYMENT_TARGET = 18.5;
				MARKETING_VERSION = 1.0;
				PRODUCT_BUNDLE_IDENTIFIER = com.atangf.WellFitTests;
				PRODUCT_NAME = "$(TARGET_NAME)";
				SWIFT_EMIT_LOC_STRINGS = NO;
				SWIFT_VERSION = 5.0;
				TARGETED_DEVICE_FAMILY = "1,2";
				TEST_HOST = "$(BUILT_PRODUCTS_DIR)/WellFit.app/$(BUNDLE_EXECUTABLE_FOLDER_PATH)/WellFit";
			};
			name = Debug;
		};
		C664AC442E88FEA2008A0500 /* Release */ = {
			isa = XCBuildConfiguration;
			buildSettings = {
				BUNDLE_LOADER = "$(TEST_HOST)";
				CODE_SIGN_STYLE = Automatic;
				CURRENT_PROJECT_VERSION = 1;
				GENERATE_INFOPLIST_FILE = YES;
				IPHONEOS_DEPLOYMENT_TARGET = 18.5;
				MARKETING_VERSION = 1.0;
				PRODUCT_BUNDLE_IDENTIFIER = com.atangf.WellFitTests;
				PRODUCT_NAME = "$(TARGET_NAME)";
				SWIFT_EMIT_LOC_STRINGS = NO;
				SWIFT_VERSION = 5.0;
				TARGETED_DEVICE_FAMILY = "1,2";
				TEST_HOST = "$(BUILT_PRODUCTS_DIR)/WellFit.app/$(BUNDLE_EXECUTABLE_FOLDER_PATH)/WellFit";
			};
			name = Release;
		};
		C664AC462E88FEA2008A0500 /* Debug */ = {
			isa = XCBuildConfiguration;
			buildSettings = {
				CODE_SIGN_STYLE = Automatic;
				CURRENT_PROJECT_VERSION = 1;
				GENERATE_INFOPLIST_FILE = YES;
				MARKETING_VERSION = 1.0;
				PRODUCT_BUNDLE_IDENTIFIER = com.atangf.WellFitUITests;
				PRODUCT_NAME = "$(TARGET_NAME)";
				SWIFT_EMIT_LOC_STRINGS = NO;
				SWIFT_VERSION = 5.0;
				TARGETED_DEVICE_FAMILY = "1,2";
				TEST_TARGET_NAME = WellFit;
			};
			name = Debug;
		};
		C664AC472E88FEA2008A0500 /* Release */ = {
			isa = XCBuildConfiguration;
			buildSettings = {
				CODE_SIGN_STYLE = Automatic;
				CURRENT_PROJECT_VERSION = 1;
				GENERATE_INFOPLIST_FILE = YES;
				MARKETING_VERSION = 1.0;
				PRODUCT_BUNDLE_IDENTIFIER = com.atangf.WellFitUITests;
				PRODUCT_NAME = "$(TARGET_NAME)";
				SWIFT_EMIT_LOC_STRINGS = NO;
				SWIFT_VERSION = 5.0;
				TARGETED_DEVICE_FAMILY = "1,2";
				TEST_TARGET_NAME = WellFit;
			};
			name = Release;
		};
/* End XCBuildConfiguration section */

/* Begin XCConfigurationList section */
		C664AC0F2E88FEA0008A0500 /* Build configuration list for PBXProject "WellFit" */ = {
			isa = XCConfigurationList;
			buildConfigurations = (
				C664AC402E88FEA2008A0500 /* Debug */,
				C664AC412E88FEA2008A0500 /* Release */,
			);
			defaultConfigurationIsVisible = 0;
			defaultConfigurationName = Release;
		};
		C664AC3D2E88FEA2008A0500 /* Build configuration list for PBXNativeTarget "WellFit" */ = {
			isa = XCConfigurationList;
			buildConfigurations = (
				C664AC3E2E88FEA2008A0500 /* Debug */,
				C664AC3F2E88FEA2008A0500 /* Release */,
			);
			defaultConfigurationIsVisible = 0;
			defaultConfigurationName = Release;
		};
		C664AC422E88FEA2008A0500 /* Build configuration list for PBXNativeTarget "WellFitTests" */ = {
			isa = XCConfigurationList;
			buildConfigurations = (
				C664AC432E88FEA2008A0500 /* Debug */,
				C664AC442E88FEA2008A0500 /* Release */,
			);
			defaultConfigurationIsVisible = 0;
			defaultConfigurationName = Release;
		};
		C664AC452E88FEA2008A0500 /* Build configuration list for PBXNativeTarget "WellFitUITests" */ = {
			isa = XCConfigurationList;
			buildConfigurations = (
				C664AC462E88FEA2008A0500 /* Debug */,
				C664AC472E88FEA2008A0500 /* Release */,
			);
			defaultConfigurationIsVisible = 0;
			defaultConfigurationName = Release;
		};
/* End XCConfigurationList section */
	};
	rootObject = C664AC0C2E88FEA0008A0500 /* Project object */;
}
